
Microsoft Visual Studio Solution File, Format Version 12.00
# Visual Studio Version 17
VisualStudioVersion = 17.11.35327.3
MinimumVisualStudioVersion = 10.0.40219.1
Project("{FAE04EC0-301F-11D3-BF4B-00C04F79EFBC}") = "promerica_frontend", "promerica_frontend.csproj", "{957B4C55-B9AA-4312-9945-8A3714AD38E4}"
EndProject
Global
	GlobalSection(SolutionConfigurationPlatforms) = preSolution
		Debug|Any CPU = Debug|Any CPU
		Release|Any CPU = Release|Any CPU
	EndGlobalSection
	GlobalSection(ProjectConfigurationPlatforms) = postSolution
		{957B4C55-B9AA-4312-9945-8A3714AD38E4}.Debug|Any CPU.ActiveCfg = Debug|Any CPU
		{957B4C55-B9AA-4312-9945-8A3714AD38E4}.Debug|Any CPU.Build.0 = Debug|Any CPU
		{957B4C55-B9AA-4312-9945-8A3714AD38E4}.Release|Any CPU.ActiveCfg = Release|Any CPU
		{957B4C55-B9AA-4312-9945-8A3714AD38E4}.Release|Any CPU.Build.0 = Release|Any CPU
	EndGlobalSection
	GlobalSection(SolutionProperties) = preSolution
		HideSolutionNode = FALSE
	EndGlobalSection
	GlobalSection(ExtensibilityGlobals) = postSolution
		SolutionGuid = {23C79172-8001-4A10-BAC0-E3717C07A008}
	EndGlobalSection
EndGlobal
